
Microsoft Visual Studio Solution File, Format Version 12.00
# Visual Studio Version 17
VisualStudioVersion = 17.1.32319.34
MinimumVisualStudioVersion = 10.0.40219.1
Project("{FAE04EC0-301F-11D3-BF4B-00C04F79EFBC}") = "DemoValidation", "DemoValidation\DemoValidation.csproj", "{1C79A84E-D199-4639-9C10-2E5B00AA2E74}"
EndProject
Global
	GlobalSection(SolutionConfigurationPlatforms) = preSolution
		Debug|Any CPU = Debug|Any CPU
		Release|Any CPU = Release|Any CPU
	EndGlobalSection
	GlobalSection(ProjectConfigurationPlatforms) = postSolution
		{1C79A84E-D199-4639-9C10-2E5B00AA2E74}.Debug|Any CPU.ActiveCfg = Debug|Any CPU
		{1C79A84E-D199-4639-9C10-2E5B00AA2E74}.Debug|Any CPU.Build.0 = Debug|Any CPU
		{1C79A84E-D199-4639-9C10-2E5B00AA2E74}.Release|Any CPU.ActiveCfg = Release|Any CPU
		{1C79A84E-D199-4639-9C10-2E5B00AA2E74}.Release|Any CPU.Build.0 = Release|Any CPU
	EndGlobalSection
	GlobalSection(SolutionProperties) = preSolution
		HideSolutionNode = FALSE
	EndGlobalSection
	GlobalSection(ExtensibilityGlobals) = postSolution
		SolutionGuid = {A9DC60FC-2898-4DBC-881C-9FC5EE80D050}
	EndGlobalSection
EndGlobal
